{
  "name": "bookManagement",
  "lockfileVersion": 3,
  "requires": true,
  "packages": {
    "": {
      "dependencies": {
        "rf": "^0.0.1"
      }
    },
    "node_modules/rf": {
      "version": "0.0.1",
      "resolved": "https://registry.npmjs.org/rf/-/rf-0.0.1.tgz",
      "integrity": "sha512-hFD2Ib8g+jQhQyiDCjxFtIOrfqG6wnnrg1fUe99MMXEvEm7OG36bEFWea7IzIju24WL3te4taFUPC2uWI+PhkQ=="
    }
  }
}
